
Microsoft Visual Studio Solution File, Format Version 12.00
# Visual Studio 15
Project("{FAE04EC0-301F-11D3-BF4B-00C04F79EFBC}") = "Assembly-CSharp", "Assembly-CSharp.csproj", "{B3FFC9A3-30DD-16DF-3342-41BD9D33BE2B}"
EndProject
Project("{FAE04EC0-301F-11D3-BF4B-00C04F79EFBC}") = "Assembly-CSharp-Editor", "Assembly-CSharp-Editor.csproj", "{DDF38914-DB0A-41A8-DAD1-E71108BE382D}"
EndProject
Global
	GlobalSection(SolutionConfigurationPlatforms) = preSolution
		Debug|Any CPU = Debug|Any CPU
		Release|Any CPU = Release|Any CPU
	EndGlobalSection
	GlobalSection(ProjectConfigurationPlatforms) = postSolution
		{B3FFC9A3-30DD-16DF-3342-41BD9D33BE2B}.Debug|Any CPU.ActiveCfg = Debug|Any CPU
		{B3FFC9A3-30DD-16DF-3342-41BD9D33BE2B}.Debug|Any CPU.Build.0 = Debug|Any CPU
		{B3FFC9A3-30DD-16DF-3342-41BD9D33BE2B}.Release|Any CPU.ActiveCfg = Release|Any CPU
		{B3FFC9A3-30DD-16DF-3342-41BD9D33BE2B}.Release|Any CPU.Build.0 = Release|Any CPU
		{DDF38914-DB0A-41A8-DAD1-E71108BE382D}.Debug|Any CPU.ActiveCfg = Debug|Any CPU
		{DDF38914-DB0A-41A8-DAD1-E71108BE382D}.Debug|Any CPU.Build.0 = Debug|Any CPU
		{DDF38914-DB0A-41A8-DAD1-E71108BE382D}.Release|Any CPU.ActiveCfg = Release|Any CPU
		{DDF38914-DB0A-41A8-DAD1-E71108BE382D}.Release|Any CPU.Build.0 = Release|Any CPU
	EndGlobalSection
	GlobalSection(SolutionProperties) = preSolution
		HideSolutionNode = FALSE
	EndGlobalSection
EndGlobal
